// !$*UTF8*$!
{
	archiveVersion = 1;
	classes = {
	};
	objectVersion = 77;
	objects = {

/* Begin PBXContainerItemProxy section */
		452E08972D0C2AAC005154B6 /* PBXContainerItemProxy */ = {
			isa = PBXContainerItemProxy;
			containerPortal = 452E08782D0C2AAA005154B6 /* Project object */;
			proxyType = 1;
			remoteGlobalIDString = 452E087F2D0C2AAA005154B6;
			remoteInfo = TechBookTimerApp;
		};
		452E08A12D0C2AAC005154B6 /* PBXContainerItemProxy */ = {
			isa = PBXContainerItemProxy;
			containerPortal = 452E08782D0C2AAA005154B6 /* Project object */;
			proxyType = 1;
			remoteGlobalIDString = 452E087F2D0C2AAA005154B6;
			remoteInfo = TechBookTimerApp;
		};
/* End PBXContainerItemProxy section */

/* Begin PBXFileReference section */
		452E08802D0C2AAA005154B6 /* TechBookTimerApp.app */ = {isa = PBXFileReference; explicitFileType = wrapper.application; includeInIndex = 0; path = TechBookTimerApp.app; sourceTree = BUILT_PRODUCTS_DIR; };
		452E08962D0C2AAC005154B6 /* TechBookTimerAppTests.xctest */ = {isa = PBXFileReference; explicitFileType = wrapper.cfbundle; includeInIndex = 0; path = TechBookTimerAppTests.xctest; sourceTree = BUILT_PRODUCTS_DIR; };
		452E08A02D0C2AAC005154B6 /* TechBookTimerAppUITests.xctest */ = {isa = PBXFileReference; explicitFileType = wrapper.cfbundle; includeInIndex = 0; path = TechBookTimerAppUITests.xctest; sourceTree = BUILT_PRODUCTS_DIR; };
/* End PBXFileReference section */

/* Begin PBXFileSystemSynchronizedBuildFileExceptionSet section */
		452E08A82D0C2AAC005154B6 /* Exceptions for "TechBookTimerApp" folder in "TechBookTimerApp" target */ = {
			isa = PBXFileSystemSynchronizedBuildFileExceptionSet;
			membershipExceptions = (
				Info.plist,
			);
			target = 452E087F2D0C2AAA005154B6 /* TechBookTimerApp */;
		};
/* End PBXFileSystemSynchronizedBuildFileExceptionSet section */

/* Begin PBXFileSystemSynchronizedRootGroup section */
		452E08822D0C2AAA005154B6 /* TechBookTimerApp */ = {
			isa = PBXFileSystemSynchronizedRootGroup;
			exceptions = (
				452E08A82D0C2AAC005154B6 /* Exceptions for "TechBookTimerApp" folder in "TechBookTimerApp" target */,
			);
			path = TechBookTimerApp;
			sourceTree = "<group>";
		};
		452E08992D0C2AAC005154B6 /* TechBookTimerAppTests */ = {
			isa = PBXFileSystemSynchronizedRootGroup;
			path = TechBookTimerAppTests;
			sourceTree = "<group>";
		};
		452E08A32D0C2AAC005154B6 /* TechBookTimerAppUITests */ = {
			isa = PBXFileSystemSynchronizedRootGroup;
			path = TechBookTimerAppUITests;
			sourceTree = "<group>";
		};
/* End PBXFileSystemSynchronizedRootGroup section */

/* Begin PBXFrameworksBuildPhase section */
		452E087D2D0C2AAA005154B6 /* Frameworks */ = {
			isa = PBXFrameworksBuildPhase;
			buildActionMask = 2147483647;
			files = (
			);
			runOnlyForDeploymentPostprocessing = 0;
		};
		452E08932D0C2AAC005154B6 /* Frameworks */ = {
			isa = PBXFrameworksBuildPhase;
			buildActionMask = 2147483647;
			files = (
			);
			runOnlyForDeploymentPostprocessing = 0;
		};
		452E089D2D0C2AAC005154B6 /* Frameworks */ = {
			isa = PBXFrameworksBuildPhase;
			buildActionMask = 2147483647;
			files = (
			);
			runOnlyForDeploymentPostprocessing = 0;
		};
/* End PBXFrameworksBuildPhase section */

/* Begin PBXGroup section */
		452E08772D0C2AAA005154B6 = {
			isa = PBXGroup;
			children = (
				452E08822D0C2AAA005154B6 /* TechBookTimerApp */,
				452E08992D0C2AAC005154B6 /* TechBookTimerAppTests */,
				452E08A32D0C2AAC005154B6 /* TechBookTimerAppUITests */,
				452E08812D0C2AAA005154B6 /* Products */,
			);
			sourceTree = "<group>";
		};
		452E08812D0C2AAA005154B6 /* Products */ = {
			isa = PBXGroup;
			children = (
				452E08802D0C2AAA005154B6 /* TechBookTimerApp.app */,
				452E08962D0C2AAC005154B6 /* TechBookTimerAppTests.xctest */,
				452E08A02D0C2AAC005154B6 /* TechBookTimerAppUITests.xctest */,
			);
			name = Products;
			sourceTree = "<group>";
		};
/* End PBXGroup section */

/* Begin PBXNativeTarget section */
		452E087F2D0C2AAA005154B6 /* TechBookTimerApp */ = {
			isa = PBXNativeTarget;
			buildConfigurationList = 452E08A92D0C2AAC005154B6 /* Build configuration list for PBXNativeTarget "TechBookTimerApp" */;
			buildPhases = (
				452E087C2D0C2AAA005154B6 /* Sources */,
				452E087D2D0C2AAA005154B6 /* Frameworks */,
				452E087E2D0C2AAA005154B6 /* Resources */,
			);
			buildRules = (
			);
			dependencies = (
			);
			fileSystemSynchronizedGroups = (
				452E08822D0C2AAA005154B6 /* TechBookTimerApp */,
			);
			name = TechBookTimerApp;
			packageProductDependencies = (
			);
			productName = TechBookTimerApp;
			productReference = 452E08802D0C2AAA005154B6 /* TechBookTimerApp.app */;
			productType = "com.apple.product-type.application";
		};
		452E08952D0C2AAC005154B6 /* TechBookTimerAppTests */ = {
			isa = PBXNativeTarget;
			buildConfigurationList = 452E08AE2D0C2AAC005154B6 /* Build configuration list for PBXNativeTarget "TechBookTimerAppTests" */;
			buildPhases = (
				452E08922D0C2AAC005154B6 /* Sources */,
				452E08932D0C2AAC005154B6 /* Frameworks */,
				452E08942D0C2AAC005154B6 /* Resources */,
			);
			buildRules = (
			);
			dependencies = (
				452E08982D0C2AAC005154B6 /* PBXTargetDependency */,
			);
			fileSystemSynchronizedGroups = (
				452E08992D0C2AAC005154B6 /* TechBookTimerAppTests */,
			);
			name = TechBookTimerAppTests;
			packageProductDependencies = (
			);
			productName = TechBookTimerAppTests;
			productReference = 452E08962D0C2AAC005154B6 /* TechBookTimerAppTests.xctest */;
			productType = "com.apple.product-type.bundle.unit-test";
		};
		452E089F2D0C2AAC005154B6 /* TechBookTimerAppUITests */ = {
			isa = PBXNativeTarget;
			buildConfigurationList = 452E08B12D0C2AAC005154B6 /* Build configuration list for PBXNativeTarget "TechBookTimerAppUITests" */;
			buildPhases = (
				452E089C2D0C2AAC005154B6 /* Sources */,
				452E089D2D0C2AAC005154B6 /* Frameworks */,
				452E089E2D0C2AAC005154B6 /* Resources */,
			);
			buildRules = (
			);
			dependencies = (
				452E08A22D0C2AAC005154B6 /* PBXTargetDependency */,
			);
			fileSystemSynchronizedGroups = (
				452E08A32D0C2AAC005154B6 /* TechBookTimerAppUITests */,
			);
			name = TechBookTimerAppUITests;
			packageProductDependencies = (
			);
			productName = TechBookTimerAppUITests;
			productReference = 452E08A02D0C2AAC005154B6 /* TechBookTimerAppUITests.xctest */;
			productType = "com.apple.product-type.bundle.ui-testing";
		};
/* End PBXNativeTarget section */

/* Begin PBXProject section */
		452E08782D0C2AAA005154B6 /* Project object */ = {
			isa = PBXProject;
			attributes = {
				BuildIndependentTargetsInParallel = 1;
				LastSwiftUpdateCheck = 1600;
				LastUpgradeCheck = 1600;
				TargetAttributes = {
					452E087F2D0C2AAA005154B6 = {
						CreatedOnToolsVersion = 16.0;
					};
					452E08952D0C2AAC005154B6 = {
						CreatedOnToolsVersion = 16.0;
						TestTargetID = 452E087F2D0C2AAA005154B6;
					};
					452E089F2D0C2AAC005154B6 = {
						CreatedOnToolsVersion = 16.0;
						TestTargetID = 452E087F2D0C2AAA005154B6;
					};
				};
			};
			buildConfigurationList = 452E087B2D0C2AAA005154B6 /* Build configuration list for PBXProject "TechBookTimerApp" */;
			developmentRegion = en;
			hasScannedForEncodings = 0;
			knownRegions = (
				en,
				Base,
			);
			mainGroup = 452E08772D0C2AAA005154B6;
			minimizedProjectReferenceProxies = 1;
			preferredProjectObjectVersion = 77;
			productRefGroup = 452E08812D0C2AAA005154B6 /* Products */;
			projectDirPath = "";
			projectRoot = "";
			targets = (
				452E087F2D0C2AAA005154B6 /* TechBookTimerApp */,
				452E08952D0C2AAC005154B6 /* TechBookTimerAppTests */,
				452E089F2D0C2AAC005154B6 /* TechBookTimerAppUITests */,
			);
		};
/* End PBXProject section */

/* Begin PBXResourcesBuildPhase section */
		452E087E2D0C2AAA005154B6 /* Resources */ = {
			isa = PBXResourcesBuildPhase;
			buildActionMask = 2147483647;
			files = (
			);
			runOnlyForDeploymentPostprocessing = 0;
		};
		452E08942D0C2AAC005154B6 /* Resources */ = {
			isa = PBXResourcesBuildPhase;
			buildActionMask = 2147483647;
			files = (
			);
			runOnlyForDeploymentPostprocessing = 0;
		};
		452E089E2D0C2AAC005154B6 /* Resources */ = {
			isa = PBXResourcesBuildPhase;
			buildActionMask = 2147483647;
			files = (
			);
			runOnlyForDeploymentPostprocessing = 0;
		};
/* End PBXResourcesBuildPhase section */

/* Begin PBXSourcesBuildPhase section */
		452E087C2D0C2AAA005154B6 /* Sources */ = {
			isa = PBXSourcesBuildPhase;
			buildActionMask = 2147483647;
			files = (
			);
			runOnlyForDeploymentPostprocessing = 0;
		};
		452E08922D0C2AAC005154B6 /* Sources */ = {
			isa = PBXSourcesBuildPhase;
			buildActionMask = 2147483647;
			files = (
			);
			runOnlyForDeploymentPostprocessing = 0;
		};
		452E089C2D0C2AAC005154B6 /* Sources */ = {
			isa = PBXSourcesBuildPhase;
			buildActionMask = 2147483647;
			files = (
			);
			runOnlyForDeploymentPostprocessing = 0;
		};
/* End PBXSourcesBuildPhase section */

/* Begin PBXTargetDependency section */
		452E08982D0C2AAC005154B6 /* PBXTargetDependency */ = {
			isa = PBXTargetDependency;
			target = 452E087F2D0C2AAA005154B6 /* TechBookTimerApp */;
			targetProxy = 452E08972D0C2AAC005154B6 /* PBXContainerItemProxy */;
		};
		452E08A22D0C2AAC005154B6 /* PBXTargetDependency */ = {
			isa = PBXTargetDependency;
			target = 452E087F2D0C2AAA005154B6 /* TechBookTimerApp */;
			targetProxy = 452E08A12D0C2AAC005154B6 /* PBXContainerItemProxy */;
		};
/* End PBXTargetDependency section */

/* Begin XCBuildConfiguration section */
		452E08AA2D0C2AAC005154B6 /* Debug */ = {
			isa = XCBuildConfiguration;
			buildSettings = {
				ASSETCATALOG_COMPILER_APPICON_NAME = AppIcon;
				ASSETCATALOG_COMPILER_GLOBAL_ACCENT_COLOR_NAME = AccentColor;
				CODE_SIGN_STYLE = Automatic;
				CURRENT_PROJECT_VERSION = 1;
				DEVELOPMENT_TEAM = 73Y7G7G858;
				GENERATE_INFOPLIST_FILE = YES;
				INFOPLIST_FILE = TechBookTimerApp/Info.plist;
				INFOPLIST_KEY_UIApplicationSupportsIndirectInputEvents = YES;
				INFOPLIST_KEY_UILaunchStoryboardName = LaunchScreen;
				INFOPLIST_KEY_UISupportedInterfaceOrientations_iPad = "UIInterfaceOrientationPortrait UIInterfaceOrientationPortraitUpsideDown UIInterfaceOrientationLandscapeLeft UIInterfaceOrientationLandscapeRight";
				INFOPLIST_KEY_UISupportedInterfaceOrientations_iPhone = "UIInterfaceOrientationPortrait UIInterfaceOrientationLandscapeLeft UIInterfaceOrientationLandscapeRight";
				LD_RUNPATH_SEARCH_PATHS = (
					"$(inherited)",
					"@executable_path/Frameworks",
				);
				MARKETING_VERSION = 1.0;
				PRODUCT_BUNDLE_IDENTIFIER = MyApp.TechBookTimerApp;
				PRODUCT_NAME = "$(TARGET_NAME)";
				SWIFT_EMIT_LOC_STRINGS = YES;
				SWIFT_VERSION = 5.0;
				TARGETED_DEVICE_FAMILY = "1,2";
			};
			name = Debug;
		};
		452E08AB2D0C2AAC005154B6 /* Release */ = {
			isa = XCBuildConfiguration;
			buildSettings = {
				ASSETCATALOG_COMPILER_APPICON_NAME = AppIcon;
				ASSETCATALOG_COMPILER_GLOBAL_ACCENT_COLOR_NAME = AccentColor;
				CODE_SIGN_STYLE = Automatic;
				CURRENT_PROJECT_VERSION = 1;
				DEVELOPMENT_TEAM = 73Y7G7G858;
				GENERATE_INFOPLIST_FILE = YES;
				INFOPLIST_FILE = TechBookTimerApp/Info.plist;
				INFOPLIST_KEY_UIApplicationSupportsIndirectInputEvents = YES;
				INFOPLIST_KEY_UILaunchStoryboardName = LaunchScreen;
				INFOPLIST_KEY_UISupportedInterfaceOrientations_iPad = "UIInterfaceOrientationPortrait UIInterfaceOrientationPortraitUpsideDown UIInterfaceOrientationLandscapeLeft UIInterfaceOrientationLandscapeRight";
				INFOPLIST_KEY_UISupportedInterfaceOrientations_iPhone = "UIInterfaceOrientationPortrait UIInterfaceOrientationLandscapeLeft UIInterfaceOrientationLandscapeRight";
				LD_RUNPATH_SEARCH_PATHS = (
					"$(inherited)",
					"@executable_path/Frameworks",
				);
				MARKETING_VERSION = 1.0;
				PRODUCT_BUNDLE_IDENTIFIER = MyApp.TechBookTimerApp;
				PRODUCT_NAME = "$(TARGET_NAME)";
				SWIFT_EMIT_LOC_STRINGS = YES;
				SWIFT_VERSION = 5.0;
				TARGETED_DEVICE_FAMILY = "1,2";
			};
			name = Release;
		};
		452E08AC2D0C2AAC005154B6 /* Debug */ = {
			isa = XCBuildConfiguration;
			buildSettings = {
				ALWAYS_SEARCH_USER_PATHS = NO;
				ASSETCATALOG_COMPILER_GENERATE_SWIFT_ASSET_SYMBOL_EXTENSIONS = YES;
				CLANG_ANALYZER_NONNULL = YES;
				CLANG_ANALYZER_NUMBER_OBJECT_CONVERSION = YES_AGGRESSIVE;
				CLANG_CXX_LANGUAGE_STANDARD = "gnu++20";
				CLANG_ENABLE_MODULES = YES;
				CLANG_ENABLE_OBJC_ARC = YES;
				CLANG_ENABLE_OBJC_WEAK = YES;
				CLANG_WARN_BLOCK_CAPTURE_AUTORELEASING = YES;
				CLANG_WARN_BOOL_CONVERSION = YES;
				CLANG_WARN_COMMA = YES;
				CLANG_WARN_CONSTANT_CONVERSION = YES;
				CLANG_WARN_DEPRECATED_OBJC_IMPLEMENTATIONS = YES;
				CLANG_WARN_DIRECT_OBJC_ISA_USAGE = YES_ERROR;
				CLANG_WARN_DOCUMENTATION_COMMENTS = YES;
				CLANG_WARN_EMPTY_BODY = YES;
				CLANG_WARN_ENUM_CONVERSION = YES;
				CLANG_WARN_INFINITE_RECURSION = YES;
				CLANG_WARN_INT_CONVERSION = YES;
				CLANG_WARN_NON_LITERAL_NULL_CONVERSION = YES;
				CLANG_WARN_OBJC_IMPLICIT_RETAIN_SELF = YES;
				CLANG_WARN_OBJC_LITERAL_CONVERSION = YES;
				CLANG_WARN_OBJC_ROOT_CLASS = YES_ERROR;
				CLANG_WARN_QUOTED_INCLUDE_IN_FRAMEWORK_HEADER = YES;
				CLANG_WARN_RANGE_LOOP_ANALYSIS = YES;
				CLANG_WARN_STRICT_PROTOTYPES = YES;
				CLANG_WARN_SUSPICIOUS_MOVE = YES;
				CLANG_WARN_UNGUARDED_AVAILABILITY = YES_AGGRESSIVE;
				CLANG_WARN_UNREACHABLE_CODE = YES;
				CLANG_WARN__DUPLICATE_METHOD_MATCH = YES;
				COPY_PHASE_STRIP = NO;
				DEBUG_INFORMATION_FORMAT = dwarf;
				ENABLE_STRICT_OBJC_MSGSEND = YES;
				ENABLE_TESTABILITY = YES;
				ENABLE_USER_SCRIPT_SANDBOXING = YES;
				GCC_C_LANGUAGE_STANDARD = gnu17;
				GCC_DYNAMIC_NO_PIC = NO;
				GCC_NO_COMMON_BLOCKS = YES;
				GCC_OPTIMIZATION_LEVEL = 0;
				GCC_PREPROCESSOR_DEFINITIONS = (
					"DEBUG=1",
					"$(inherited)",
				);
				GCC_WARN_64_TO_32_BIT_CONVERSION = YES;
				GCC_WARN_ABOUT_RETURN_TYPE = YES_ERROR;
				GCC_WARN_UNDECLARED_SELECTOR = YES;
				GCC_WARN_UNINITIALIZED_AUTOS = YES_AGGRESSIVE;
				GCC_WARN_UNUSED_FUNCTION = YES;
				GCC_WARN_UNUSED_VARIABLE = YES;
				IPHONEOS_DEPLOYMENT_TARGET = 18.0;
				LOCALIZATION_PREFERS_STRING_CATALOGS = YES;
				MTL_ENABLE_DEBUG_INFO = INCLUDE_SOURCE;
				MTL_FAST_MATH = YES;
				ONLY_ACTIVE_ARCH = YES;
				SDKROOT = iphoneos;
				SWIFT_ACTIVE_COMPILATION_CONDITIONS = "DEBUG $(inherited)";
				SWIFT_OPTIMIZATION_LEVEL = "-Onone";
			};
			name = Debug;
		};
		452E08AD2D0C2AAC005154B6 /* Release */ = {
			isa = XCBuildConfiguration;
			buildSettings = {
				ALWAYS_SEARCH_USER_PATHS = NO;
				ASSETCATALOG_COMPILER_GENERATE_SWIFT_ASSET_SYMBOL_EXTENSIONS = YES;
				CLANG_ANALYZER_NONNULL = YES;
				CLANG_ANALYZER_NUMBER_OBJECT_CONVERSION = YES_AGGRESSIVE;
				CLANG_CXX_LANGUAGE_STANDARD = "gnu++20";
				CLANG_ENABLE_MODULES = YES;
				CLANG_ENABLE_OBJC_ARC = YES;
				CLANG_ENABLE_OBJC_WEAK = YES;
				CLANG_WARN_BLOCK_CAPTURE_AUTORELEASING = YES;
				CLANG_WARN_BOOL_CONVERSION = YES;
				CLANG_WARN_COMMA = YES;
				CLANG_WARN_CONSTANT_CONVERSION = YES;
				CLANG_WARN_DEPRECATED_OBJC_IMPLEMENTATIONS = YES;
				CLANG_WARN_DIRECT_OBJC_ISA_USAGE = YES_ERROR;
				CLANG_WARN_DOCUMENTATION_COMMENTS = YES;
				CLANG_WARN_EMPTY_BODY = YES;
				CLANG_WARN_ENUM_CONVERSION = YES;
				CLANG_WARN_INFINITE_RECURSION = YES;
				CLANG_WARN_INT_CONVERSION = YES;
				CLANG_WARN_NON_LITERAL_NULL_CONVERSION = YES;
				CLANG_WARN_OBJC_IMPLICIT_RETAIN_SELF = YES;
				CLANG_WARN_OBJC_LITERAL_CONVERSION = YES;
				CLANG_WARN_OBJC_ROOT_CLASS = YES_ERROR;
				CLANG_WARN_QUOTED_INCLUDE_IN_FRAMEWORK_HEADER = YES;
				CLANG_WARN_RANGE_LOOP_ANALYSIS = YES;
				CLANG_WARN_STRICT_PROTOTYPES = YES;
				CLANG_WARN_SUSPICIOUS_MOVE = YES;
				CLANG_WARN_UNGUARDED_AVAILABILITY = YES_AGGRESSIVE;
				CLANG_WARN_UNREACHABLE_CODE = YES;
				CLANG_WARN__DUPLICATE_METHOD_MATCH = YES;
				COPY_PHASE_STRIP = NO;
				DEBUG_INFORMATION_FORMAT = "dwarf-with-dsym";
				ENABLE_NS_ASSERTIONS = NO;
				ENABLE_STRICT_OBJC_MSGSEND = YES;
				ENABLE_USER_SCRIPT_SANDBOXING = YES;
				GCC_C_LANGUAGE_STANDARD = gnu17;
				GCC_NO_COMMON_BLOCKS = YES;
				GCC_WARN_64_TO_32_BIT_CONVERSION = YES;
				GCC_WARN_ABOUT_RETURN_TYPE = YES_ERROR;
				GCC_WARN_UNDECLARED_SELECTOR = YES;
				GCC_WARN_UNINITIALIZED_AUTOS = YES_AGGRESSIVE;
				GCC_WARN_UNUSED_FUNCTION = YES;
				GCC_WARN_UNUSED_VARIABLE = YES;
				IPHONEOS_DEPLOYMENT_TARGET = 18.0;
				LOCALIZATION_PREFERS_STRING_CATALOGS = YES;
				MTL_ENABLE_DEBUG_INFO = NO;
				MTL_FAST_MATH = YES;
				SDKROOT = iphoneos;
				SWIFT_COMPILATION_MODE = wholemodule;
				VALIDATE_PRODUCT = YES;
			};
			name = Release;
		};
		452E08AF2D0C2AAC005154B6 /* Debug */ = {
			isa = XCBuildConfiguration;
			buildSettings = {
				BUNDLE_LOADER = "$(TEST_HOST)";
				CODE_SIGN_STYLE = Automatic;
				CURRENT_PROJECT_VERSION = 1;
				DEVELOPMENT_TEAM = 73Y7G7G858;
				GENERATE_INFOPLIST_FILE = YES;
				IPHONEOS_DEPLOYMENT_TARGET = 18.0;
				MARKETING_VERSION = 1.0;
				PRODUCT_BUNDLE_IDENTIFIER = MyApp.TechBookTimerAppTests;
				PRODUCT_NAME = "$(TARGET_NAME)";
				SWIFT_EMIT_LOC_STRINGS = NO;
				SWIFT_VERSION = 5.0;
				TARGETED_DEVICE_FAMILY = "1,2";
				TEST_HOST = "$(BUILT_PRODUCTS_DIR)/TechBookTimerApp.app/$(BUNDLE_EXECUTABLE_FOLDER_PATH)/TechBookTimerApp";
			};
			name = Debug;
		};
		452E08B02D0C2AAC005154B6 /* Release */ = {
			isa = XCBuildConfiguration;
			buildSettings = {
				BUNDLE_LOADER = "$(TEST_HOST)";
				CODE_SIGN_STYLE = Automatic;
				CURRENT_PROJECT_VERSION = 1;
				DEVELOPMENT_TEAM = 73Y7G7G858;
				GENERATE_INFOPLIST_FILE = YES;
				IPHONEOS_DEPLOYMENT_TARGET = 18.0;
				MARKETING_VERSION = 1.0;
				PRODUCT_BUNDLE_IDENTIFIER = MyApp.TechBookTimerAppTests;
				PRODUCT_NAME = "$(TARGET_NAME)";
				SWIFT_EMIT_LOC_STRINGS = NO;
				SWIFT_VERSION = 5.0;
				TARGETED_DEVICE_FAMILY = "1,2";
				TEST_HOST = "$(BUILT_PRODUCTS_DIR)/TechBookTimerApp.app/$(BUNDLE_EXECUTABLE_FOLDER_PATH)/TechBookTimerApp";
			};
			name = Release;
		};
		452E08B22D0C2AAC005154B6 /* Debug */ = {
			isa = XCBuildConfiguration;
			buildSettings = {
				CODE_SIGN_STYLE = Automatic;
				CURRENT_PROJECT_VERSION = 1;
				DEVELOPMENT_TEAM = 73Y7G7G858;
				GENERATE_INFOPLIST_FILE = YES;
				MARKETING_VERSION = 1.0;
				PRODUCT_BUNDLE_IDENTIFIER = MyApp.TechBookTimerAppUITests;
				PRODUCT_NAME = "$(TARGET_NAME)";
				SWIFT_EMIT_LOC_STRINGS = NO;
				SWIFT_VERSION = 5.0;
				TARGETED_DEVICE_FAMILY = "1,2";
				TEST_TARGET_NAME = TechBookTimerApp;
			};
			name = Debug;
		};
		452E08B32D0C2AAC005154B6 /* Release */ = {
			isa = XCBuildConfiguration;
			buildSettings = {
				CODE_SIGN_STYLE = Automatic;
				CURRENT_PROJECT_VERSION = 1;
				DEVELOPMENT_TEAM = 73Y7G7G858;
				GENERATE_INFOPLIST_FILE = YES;
				MARKETING_VERSION = 1.0;
				PRODUCT_BUNDLE_IDENTIFIER = MyApp.TechBookTimerAppUITests;
				PRODUCT_NAME = "$(TARGET_NAME)";
				SWIFT_EMIT_LOC_STRINGS = NO;
				SWIFT_VERSION = 5.0;
				TARGETED_DEVICE_FAMILY = "1,2";
				TEST_TARGET_NAME = TechBookTimerApp;
			};
			name = Release;
		};
/* End XCBuildConfiguration section */

/* Begin XCConfigurationList section */
		452E087B2D0C2AAA005154B6 /* Build configuration list for PBXProject "TechBookTimerApp" */ = {
			isa = XCConfigurationList;
			buildConfigurations = (
				452E08AC2D0C2AAC005154B6 /* Debug */,
				452E08AD2D0C2AAC005154B6 /* Release */,
			);
			defaultConfigurationIsVisible = 0;
			defaultConfigurationName = Release;
		};
		452E08A92D0C2AAC005154B6 /* Build configuration list for PBXNativeTarget "TechBookTimerApp" */ = {
			isa = XCConfigurationList;
			buildConfigurations = (
				452E08AA2D0C2AAC005154B6 /* Debug */,
				452E08AB2D0C2AAC005154B6 /* Release */,
			);
			defaultConfigurationIsVisible = 0;
			defaultConfigurationName = Release;
		};
		452E08AE2D0C2AAC005154B6 /* Build configuration list for PBXNativeTarget "TechBookTimerAppTests" */ = {
			isa = XCConfigurationList;
			buildConfigurations = (
				452E08AF2D0C2AAC005154B6 /* Debug */,
				452E08B02D0C2AAC005154B6 /* Release */,
			);
			defaultConfigurationIsVisible = 0;
			defaultConfigurationName = Release;
		};
		452E08B12D0C2AAC005154B6 /* Build configuration list for PBXNativeTarget "TechBookTimerAppUITests" */ = {
			isa = XCConfigurationList;
			buildConfigurations = (
				452E08B22D0C2AAC005154B6 /* Debug */,
				452E08B32D0C2AAC005154B6 /* Release */,
			);
			defaultConfigurationIsVisible = 0;
			defaultConfigurationName = Release;
		};
/* End XCConfigurationList section */
	};
	rootObject = 452E08782D0C2AAA005154B6 /* Project object */;
}
